
Microsoft Visual Studio Solution File, Format Version 12.00
# Visual Studio Version 17
VisualStudioVersion = 17.4.33213.308
MinimumVisualStudioVersion = 10.0.40219.1
Project("{FAE04EC0-301F-11D3-BF4B-00C04F79EFBC}") = "cw_06_task44", "cw_06_task44.csproj", "{F09B607E-A971-4887-BB79-7318DB0CAADB}"
EndProject
Global
	GlobalSection(SolutionConfigurationPlatforms) = preSolution
		Debug|Any CPU = Debug|Any CPU
		Release|Any CPU = Release|Any CPU
	EndGlobalSection
	GlobalSection(ProjectConfigurationPlatforms) = postSolution
		{F09B607E-A971-4887-BB79-7318DB0CAADB}.Debug|Any CPU.ActiveCfg = Debug|Any CPU
		{F09B607E-A971-4887-BB79-7318DB0CAADB}.Debug|Any CPU.Build.0 = Debug|Any CPU
		{F09B607E-A971-4887-BB79-7318DB0CAADB}.Release|Any CPU.ActiveCfg = Release|Any CPU
		{F09B607E-A971-4887-BB79-7318DB0CAADB}.Release|Any CPU.Build.0 = Release|Any CPU
	EndGlobalSection
	GlobalSection(SolutionProperties) = preSolution
		HideSolutionNode = FALSE
	EndGlobalSection
	GlobalSection(ExtensibilityGlobals) = postSolution
		SolutionGuid = {7CA35BF2-BFB9-4F0F-B5C5-8A3CB758C4D0}
	EndGlobalSection
EndGlobal
