
Microsoft Visual Studio Solution File, Format Version 12.00
# Visual Studio Version 17
VisualStudioVersion = 17.4.33213.308
MinimumVisualStudioVersion = 10.0.40219.1
Project("{FAE04EC0-301F-11D3-BF4B-00C04F79EFBC}") = "hw_03_task19", "hw_03_task19.csproj", "{080416EF-B24B-46B3-ACD0-10F4AE7DE8B5}"
EndProject
Global
	GlobalSection(SolutionConfigurationPlatforms) = preSolution
		Debug|Any CPU = Debug|Any CPU
		Release|Any CPU = Release|Any CPU
	EndGlobalSection
	GlobalSection(ProjectConfigurationPlatforms) = postSolution
		{080416EF-B24B-46B3-ACD0-10F4AE7DE8B5}.Debug|Any CPU.ActiveCfg = Debug|Any CPU
		{080416EF-B24B-46B3-ACD0-10F4AE7DE8B5}.Debug|Any CPU.Build.0 = Debug|Any CPU
		{080416EF-B24B-46B3-ACD0-10F4AE7DE8B5}.Release|Any CPU.ActiveCfg = Release|Any CPU
		{080416EF-B24B-46B3-ACD0-10F4AE7DE8B5}.Release|Any CPU.Build.0 = Release|Any CPU
	EndGlobalSection
	GlobalSection(SolutionProperties) = preSolution
		HideSolutionNode = FALSE
	EndGlobalSection
	GlobalSection(ExtensibilityGlobals) = postSolution
		SolutionGuid = {74247625-3997-4458-BC59-7DAA9AAD028B}
	EndGlobalSection
EndGlobal
