
Microsoft Visual Studio Solution File, Format Version 12.00
# Visual Studio Version 17
VisualStudioVersion = 17.4.33213.308
MinimumVisualStudioVersion = 10.0.40219.1
Project("{FAE04EC0-301F-11D3-BF4B-00C04F79EFBC}") = "cw_06_task45", "cw_06_task45.csproj", "{B393EFB1-B400-456A-A4BC-197904B3125F}"
EndProject
Global
	GlobalSection(SolutionConfigurationPlatforms) = preSolution
		Debug|Any CPU = Debug|Any CPU
		Release|Any CPU = Release|Any CPU
	EndGlobalSection
	GlobalSection(ProjectConfigurationPlatforms) = postSolution
		{B393EFB1-B400-456A-A4BC-197904B3125F}.Debug|Any CPU.ActiveCfg = Debug|Any CPU
		{B393EFB1-B400-456A-A4BC-197904B3125F}.Debug|Any CPU.Build.0 = Debug|Any CPU
		{B393EFB1-B400-456A-A4BC-197904B3125F}.Release|Any CPU.ActiveCfg = Release|Any CPU
		{B393EFB1-B400-456A-A4BC-197904B3125F}.Release|Any CPU.Build.0 = Release|Any CPU
	EndGlobalSection
	GlobalSection(SolutionProperties) = preSolution
		HideSolutionNode = FALSE
	EndGlobalSection
	GlobalSection(ExtensibilityGlobals) = postSolution
		SolutionGuid = {61527E30-2A17-45A6-8905-7B28C3E8ABA7}
	EndGlobalSection
EndGlobal
