
Microsoft Visual Studio Solution File, Format Version 12.00
# Visual Studio Version 17
VisualStudioVersion = 17.4.33213.308
MinimumVisualStudioVersion = 10.0.40219.1
Project("{FAE04EC0-301F-11D3-BF4B-00C04F79EFBC}") = "hw_05_task38", "hw_05_task38.csproj", "{00D732BF-4D4E-4611-928D-1C36CC148331}"
EndProject
Global
	GlobalSection(SolutionConfigurationPlatforms) = preSolution
		Debug|Any CPU = Debug|Any CPU
		Release|Any CPU = Release|Any CPU
	EndGlobalSection
	GlobalSection(ProjectConfigurationPlatforms) = postSolution
		{00D732BF-4D4E-4611-928D-1C36CC148331}.Debug|Any CPU.ActiveCfg = Debug|Any CPU
		{00D732BF-4D4E-4611-928D-1C36CC148331}.Debug|Any CPU.Build.0 = Debug|Any CPU
		{00D732BF-4D4E-4611-928D-1C36CC148331}.Release|Any CPU.ActiveCfg = Release|Any CPU
		{00D732BF-4D4E-4611-928D-1C36CC148331}.Release|Any CPU.Build.0 = Release|Any CPU
	EndGlobalSection
	GlobalSection(SolutionProperties) = preSolution
		HideSolutionNode = FALSE
	EndGlobalSection
	GlobalSection(ExtensibilityGlobals) = postSolution
		SolutionGuid = {A5450A16-6B53-4B0A-BAC0-83230500085F}
	EndGlobalSection
EndGlobal
