
Microsoft Visual Studio Solution File, Format Version 12.00
# Visual Studio Version 17
VisualStudioVersion = 17.5.33414.496
MinimumVisualStudioVersion = 10.0.40219.1
Project("{FAE04EC0-301F-11D3-BF4B-00C04F79EFBC}") = "cw_07_task51", "cw_07_task51.csproj", "{66965E4D-156C-482B-A600-F98EB654407C}"
EndProject
Global
	GlobalSection(SolutionConfigurationPlatforms) = preSolution
		Debug|Any CPU = Debug|Any CPU
		Release|Any CPU = Release|Any CPU
	EndGlobalSection
	GlobalSection(ProjectConfigurationPlatforms) = postSolution
		{66965E4D-156C-482B-A600-F98EB654407C}.Debug|Any CPU.ActiveCfg = Debug|Any CPU
		{66965E4D-156C-482B-A600-F98EB654407C}.Debug|Any CPU.Build.0 = Debug|Any CPU
		{66965E4D-156C-482B-A600-F98EB654407C}.Release|Any CPU.ActiveCfg = Release|Any CPU
		{66965E4D-156C-482B-A600-F98EB654407C}.Release|Any CPU.Build.0 = Release|Any CPU
	EndGlobalSection
	GlobalSection(SolutionProperties) = preSolution
		HideSolutionNode = FALSE
	EndGlobalSection
	GlobalSection(ExtensibilityGlobals) = postSolution
		SolutionGuid = {E84A5EF5-80A6-40E5-B6F9-FD5EDF78B392}
	EndGlobalSection
EndGlobal
