
Microsoft Visual Studio Solution File, Format Version 12.00
# Visual Studio Version 17
VisualStudioVersion = 17.4.33213.308
MinimumVisualStudioVersion = 10.0.40219.1
Project("{FAE04EC0-301F-11D3-BF4B-00C04F79EFBC}") = "hw_01_task3", "hw_01_task3.csproj", "{9B3424B5-AD1A-409B-A90C-BE73573A000F}"
EndProject
Global
	GlobalSection(SolutionConfigurationPlatforms) = preSolution
		Debug|Any CPU = Debug|Any CPU
		Release|Any CPU = Release|Any CPU
	EndGlobalSection
	GlobalSection(ProjectConfigurationPlatforms) = postSolution
		{9B3424B5-AD1A-409B-A90C-BE73573A000F}.Debug|Any CPU.ActiveCfg = Debug|Any CPU
		{9B3424B5-AD1A-409B-A90C-BE73573A000F}.Debug|Any CPU.Build.0 = Debug|Any CPU
		{9B3424B5-AD1A-409B-A90C-BE73573A000F}.Release|Any CPU.ActiveCfg = Release|Any CPU
		{9B3424B5-AD1A-409B-A90C-BE73573A000F}.Release|Any CPU.Build.0 = Release|Any CPU
	EndGlobalSection
	GlobalSection(SolutionProperties) = preSolution
		HideSolutionNode = FALSE
	EndGlobalSection
	GlobalSection(ExtensibilityGlobals) = postSolution
		SolutionGuid = {C93907EA-1D61-4F1D-AE59-880AFA6BD4F2}
	EndGlobalSection
EndGlobal
