
Microsoft Visual Studio Solution File, Format Version 12.00
# Visual Studio Version 17
VisualStudioVersion = 17.5.33424.131
MinimumVisualStudioVersion = 10.0.40219.1
Project("{FAE04EC0-301F-11D3-BF4B-00C04F79EFBC}") = "PacktLibrary", "PacktLibrary.csproj", "{C0C8CB73-F689-41D9-8886-E960055C9095}"
EndProject
Global
	GlobalSection(SolutionConfigurationPlatforms) = preSolution
		Debug|Any CPU = Debug|Any CPU
		Release|Any CPU = Release|Any CPU
	EndGlobalSection
	GlobalSection(ProjectConfigurationPlatforms) = postSolution
		{C0C8CB73-F689-41D9-8886-E960055C9095}.Debug|Any CPU.ActiveCfg = Debug|Any CPU
		{C0C8CB73-F689-41D9-8886-E960055C9095}.Debug|Any CPU.Build.0 = Debug|Any CPU
		{C0C8CB73-F689-41D9-8886-E960055C9095}.Release|Any CPU.ActiveCfg = Release|Any CPU
		{C0C8CB73-F689-41D9-8886-E960055C9095}.Release|Any CPU.Build.0 = Release|Any CPU
	EndGlobalSection
	GlobalSection(SolutionProperties) = preSolution
		HideSolutionNode = FALSE
	EndGlobalSection
	GlobalSection(ExtensibilityGlobals) = postSolution
		SolutionGuid = {AFB7268E-1568-4132-80DC-31D045DDF262}
	EndGlobalSection
EndGlobal
