
Microsoft Visual Studio Solution File, Format Version 12.00
# Visual Studio Version 17
VisualStudioVersion = 17.4.33213.308
MinimumVisualStudioVersion = 10.0.40219.1
Project("{FAE04EC0-301F-11D3-BF4B-00C04F79EFBC}") = "hw_02_task10", "hw_02_task10.csproj", "{582A3AD5-7372-4EB4-A26B-8AFD9D19C5D5}"
EndProject
Global
	GlobalSection(SolutionConfigurationPlatforms) = preSolution
		Debug|Any CPU = Debug|Any CPU
		Release|Any CPU = Release|Any CPU
	EndGlobalSection
	GlobalSection(ProjectConfigurationPlatforms) = postSolution
		{582A3AD5-7372-4EB4-A26B-8AFD9D19C5D5}.Debug|Any CPU.ActiveCfg = Debug|Any CPU
		{582A3AD5-7372-4EB4-A26B-8AFD9D19C5D5}.Debug|Any CPU.Build.0 = Debug|Any CPU
		{582A3AD5-7372-4EB4-A26B-8AFD9D19C5D5}.Release|Any CPU.ActiveCfg = Release|Any CPU
		{582A3AD5-7372-4EB4-A26B-8AFD9D19C5D5}.Release|Any CPU.Build.0 = Release|Any CPU
	EndGlobalSection
	GlobalSection(SolutionProperties) = preSolution
		HideSolutionNode = FALSE
	EndGlobalSection
	GlobalSection(ExtensibilityGlobals) = postSolution
		SolutionGuid = {EC076FAE-2617-4979-92F2-DF88D04AE000}
	EndGlobalSection
EndGlobal
