
Microsoft Visual Studio Solution File, Format Version 12.00
# Visual Studio Version 17
VisualStudioVersion = 17.4.33213.308
MinimumVisualStudioVersion = 10.0.40219.1
Project("{FAE04EC0-301F-11D3-BF4B-00C04F79EFBC}") = "hw_02_task15", "hw_02_task15.csproj", "{883F656D-5E56-4449-BFDE-255A8797066C}"
EndProject
Global
	GlobalSection(SolutionConfigurationPlatforms) = preSolution
		Debug|Any CPU = Debug|Any CPU
		Release|Any CPU = Release|Any CPU
	EndGlobalSection
	GlobalSection(ProjectConfigurationPlatforms) = postSolution
		{883F656D-5E56-4449-BFDE-255A8797066C}.Debug|Any CPU.ActiveCfg = Debug|Any CPU
		{883F656D-5E56-4449-BFDE-255A8797066C}.Debug|Any CPU.Build.0 = Debug|Any CPU
		{883F656D-5E56-4449-BFDE-255A8797066C}.Release|Any CPU.ActiveCfg = Release|Any CPU
		{883F656D-5E56-4449-BFDE-255A8797066C}.Release|Any CPU.Build.0 = Release|Any CPU
	EndGlobalSection
	GlobalSection(SolutionProperties) = preSolution
		HideSolutionNode = FALSE
	EndGlobalSection
	GlobalSection(ExtensibilityGlobals) = postSolution
		SolutionGuid = {15BFD729-401B-4152-BAF1-989443D2C051}
	EndGlobalSection
EndGlobal
