
Microsoft Visual Studio Solution File, Format Version 12.00
# Visual Studio Version 17
VisualStudioVersion = 17.4.33213.308
MinimumVisualStudioVersion = 10.0.40219.1
Project("{FAE04EC0-301F-11D3-BF4B-00C04F79EFBC}") = "hw_01_task4", "hw_01_task4.csproj", "{FEC99902-B954-439E-8FBB-C73E17C373E6}"
EndProject
Global
	GlobalSection(SolutionConfigurationPlatforms) = preSolution
		Debug|Any CPU = Debug|Any CPU
		Release|Any CPU = Release|Any CPU
	EndGlobalSection
	GlobalSection(ProjectConfigurationPlatforms) = postSolution
		{FEC99902-B954-439E-8FBB-C73E17C373E6}.Debug|Any CPU.ActiveCfg = Debug|Any CPU
		{FEC99902-B954-439E-8FBB-C73E17C373E6}.Debug|Any CPU.Build.0 = Debug|Any CPU
		{FEC99902-B954-439E-8FBB-C73E17C373E6}.Release|Any CPU.ActiveCfg = Release|Any CPU
		{FEC99902-B954-439E-8FBB-C73E17C373E6}.Release|Any CPU.Build.0 = Release|Any CPU
	EndGlobalSection
	GlobalSection(SolutionProperties) = preSolution
		HideSolutionNode = FALSE
	EndGlobalSection
	GlobalSection(ExtensibilityGlobals) = postSolution
		SolutionGuid = {EE00E379-B3DB-4323-B890-15595474C7AD}
	EndGlobalSection
EndGlobal
