
Microsoft Visual Studio Solution File, Format Version 12.00
# Visual Studio Version 17
VisualStudioVersion = 17.4.33213.308
MinimumVisualStudioVersion = 10.0.40219.1
Project("{FAE04EC0-301F-11D3-BF4B-00C04F79EFBC}") = "hw_02_taskAdditional", "hw_02_taskAdditional.csproj", "{CE8869C6-E1A1-432A-9D48-4829AC3783A7}"
EndProject
Global
	GlobalSection(SolutionConfigurationPlatforms) = preSolution
		Debug|Any CPU = Debug|Any CPU
		Release|Any CPU = Release|Any CPU
	EndGlobalSection
	GlobalSection(ProjectConfigurationPlatforms) = postSolution
		{CE8869C6-E1A1-432A-9D48-4829AC3783A7}.Debug|Any CPU.ActiveCfg = Debug|Any CPU
		{CE8869C6-E1A1-432A-9D48-4829AC3783A7}.Debug|Any CPU.Build.0 = Debug|Any CPU
		{CE8869C6-E1A1-432A-9D48-4829AC3783A7}.Release|Any CPU.ActiveCfg = Release|Any CPU
		{CE8869C6-E1A1-432A-9D48-4829AC3783A7}.Release|Any CPU.Build.0 = Release|Any CPU
	EndGlobalSection
	GlobalSection(SolutionProperties) = preSolution
		HideSolutionNode = FALSE
	EndGlobalSection
	GlobalSection(ExtensibilityGlobals) = postSolution
		SolutionGuid = {5C083264-1256-44BD-B4AB-684586DA05FA}
	EndGlobalSection
EndGlobal
