
Microsoft Visual Studio Solution File, Format Version 12.00
# Visual Studio Version 17
VisualStudioVersion = 17.5.33414.496
MinimumVisualStudioVersion = 10.0.40219.1
Project("{FAE04EC0-301F-11D3-BF4B-00C04F79EFBC}") = "cw_07_task48", "cw_07_task48.csproj", "{ED797994-2F30-4F45-9BA8-55E09044BCDB}"
EndProject
Global
	GlobalSection(SolutionConfigurationPlatforms) = preSolution
		Debug|Any CPU = Debug|Any CPU
		Release|Any CPU = Release|Any CPU
	EndGlobalSection
	GlobalSection(ProjectConfigurationPlatforms) = postSolution
		{ED797994-2F30-4F45-9BA8-55E09044BCDB}.Debug|Any CPU.ActiveCfg = Debug|Any CPU
		{ED797994-2F30-4F45-9BA8-55E09044BCDB}.Debug|Any CPU.Build.0 = Debug|Any CPU
		{ED797994-2F30-4F45-9BA8-55E09044BCDB}.Release|Any CPU.ActiveCfg = Release|Any CPU
		{ED797994-2F30-4F45-9BA8-55E09044BCDB}.Release|Any CPU.Build.0 = Release|Any CPU
	EndGlobalSection
	GlobalSection(SolutionProperties) = preSolution
		HideSolutionNode = FALSE
	EndGlobalSection
	GlobalSection(ExtensibilityGlobals) = postSolution
		SolutionGuid = {ED712E8D-1088-409A-8602-06ACEDE8294E}
	EndGlobalSection
EndGlobal
