
Microsoft Visual Studio Solution File, Format Version 12.00
# Visual Studio Version 17
VisualStudioVersion = 17.4.33213.308
MinimumVisualStudioVersion = 10.0.40219.1
Project("{FAE04EC0-301F-11D3-BF4B-00C04F79EFBC}") = "hw_05_taskAdditional", "hw_05_taskAdditional.csproj", "{4AEC48A2-A435-45F2-950E-6DDBCA483955}"
EndProject
Global
	GlobalSection(SolutionConfigurationPlatforms) = preSolution
		Debug|Any CPU = Debug|Any CPU
		Release|Any CPU = Release|Any CPU
	EndGlobalSection
	GlobalSection(ProjectConfigurationPlatforms) = postSolution
		{4AEC48A2-A435-45F2-950E-6DDBCA483955}.Debug|Any CPU.ActiveCfg = Debug|Any CPU
		{4AEC48A2-A435-45F2-950E-6DDBCA483955}.Debug|Any CPU.Build.0 = Debug|Any CPU
		{4AEC48A2-A435-45F2-950E-6DDBCA483955}.Release|Any CPU.ActiveCfg = Release|Any CPU
		{4AEC48A2-A435-45F2-950E-6DDBCA483955}.Release|Any CPU.Build.0 = Release|Any CPU
	EndGlobalSection
	GlobalSection(SolutionProperties) = preSolution
		HideSolutionNode = FALSE
	EndGlobalSection
	GlobalSection(ExtensibilityGlobals) = postSolution
		SolutionGuid = {6CF62211-2A47-417F-AC67-9F1786B9FB76}
	EndGlobalSection
EndGlobal
