
Microsoft Visual Studio Solution File, Format Version 12.00
# Visual Studio Version 17
VisualStudioVersion = 17.5.33414.496
MinimumVisualStudioVersion = 10.0.40219.1
Project("{FAE04EC0-301F-11D3-BF4B-00C04F79EFBC}") = "cw_08_task59", "cw_08_task59.csproj", "{45F48DBD-1117-47F8-AA01-D280923857E5}"
EndProject
Global
	GlobalSection(SolutionConfigurationPlatforms) = preSolution
		Debug|Any CPU = Debug|Any CPU
		Release|Any CPU = Release|Any CPU
	EndGlobalSection
	GlobalSection(ProjectConfigurationPlatforms) = postSolution
		{45F48DBD-1117-47F8-AA01-D280923857E5}.Debug|Any CPU.ActiveCfg = Debug|Any CPU
		{45F48DBD-1117-47F8-AA01-D280923857E5}.Debug|Any CPU.Build.0 = Debug|Any CPU
		{45F48DBD-1117-47F8-AA01-D280923857E5}.Release|Any CPU.ActiveCfg = Release|Any CPU
		{45F48DBD-1117-47F8-AA01-D280923857E5}.Release|Any CPU.Build.0 = Release|Any CPU
	EndGlobalSection
	GlobalSection(SolutionProperties) = preSolution
		HideSolutionNode = FALSE
	EndGlobalSection
	GlobalSection(ExtensibilityGlobals) = postSolution
		SolutionGuid = {E170450F-43A6-440D-B767-396DB650ABB3}
	EndGlobalSection
EndGlobal
