
Microsoft Visual Studio Solution File, Format Version 12.00
# Visual Studio Version 17
VisualStudioVersion = 17.5.33414.496
MinimumVisualStudioVersion = 10.0.40219.1
Project("{FAE04EC0-301F-11D3-BF4B-00C04F79EFBC}") = "hw_08_task54", "hw_08_task54.csproj", "{3DB963B9-AF01-41BF-AA84-8286F2F7FC6F}"
EndProject
Global
	GlobalSection(SolutionConfigurationPlatforms) = preSolution
		Debug|Any CPU = Debug|Any CPU
		Release|Any CPU = Release|Any CPU
	EndGlobalSection
	GlobalSection(ProjectConfigurationPlatforms) = postSolution
		{3DB963B9-AF01-41BF-AA84-8286F2F7FC6F}.Debug|Any CPU.ActiveCfg = Debug|Any CPU
		{3DB963B9-AF01-41BF-AA84-8286F2F7FC6F}.Debug|Any CPU.Build.0 = Debug|Any CPU
		{3DB963B9-AF01-41BF-AA84-8286F2F7FC6F}.Release|Any CPU.ActiveCfg = Release|Any CPU
		{3DB963B9-AF01-41BF-AA84-8286F2F7FC6F}.Release|Any CPU.Build.0 = Release|Any CPU
	EndGlobalSection
	GlobalSection(SolutionProperties) = preSolution
		HideSolutionNode = FALSE
	EndGlobalSection
	GlobalSection(ExtensibilityGlobals) = postSolution
		SolutionGuid = {75EA9078-3E7C-46AC-890F-FDDCAF90DFD9}
	EndGlobalSection
EndGlobal
